<?xml version="1.0" encoding="utf-8"?>
<Project ToolsVersion="4.0" xmlns="http://schemas.microsoft.com/developer/msbuild/2003">
  <ItemGroup>
    <Filter Include="src">
      <UniqueIdentifier>{e056440c-c3f6-4fef-996b-1c7f8de4e40a}</UniqueIdentifier>
    </Filter>
    <Filter Include="src\example">
      <UniqueIdentifier>{5bb11ad9-ae4d-409b-acba-7a60bf4fef40}</UniqueIdentifier>
    </Filter>
    <Filter Include="asset">
      <UniqueIdentifier>{67DA6AB6-F800-4c08-8B7A-83BB121AAD01}</UniqueIdentifier>
      <Extensions>rc;ico;cur;bmp;dlg;rc2;rct;bin;rgs;gif;jpg;jpeg;jpe;resx;tiff;tif;png;wav;mfcribbon-ms</Extensions>
    </Filter>
    <Filter Include="asset\font">
      <UniqueIdentifier>{9601a807-58a3-4a90-91db-953266201670}</UniqueIdentifier>
      <Extensions>ttf</Extensions>
    </Filter>
    <Filter Include="asset\music">
      <UniqueIdentifier>{94bea3ef-0c39-48f8-ab4c-b5bbc128a4d5}</UniqueIdentifier>
      <Extensions>ogg</Extensions>
    </Filter>
    <Filter Include="asset\graphic">
      <UniqueIdentifier>{323dc01d-da22-4f6e-92ef-39a77497c4d7}</UniqueIdentifier>
      <Extensions>png</Extensions>
    </Filter>
  </ItemGroup>
  <ItemGroup>
    <ClCompile Include="src\example\camerastate.cpp">
      <Filter>src\example</Filter>
    </ClCompile>
    <ClCompile Include="src\example\examplegame.cpp">
      <Filter>src\example</Filter>
    </ClCompile>
    <ClCompile Include="src\example\introstate.cpp">
      <Filter>src\example</Filter>
    </ClCompile>
    <ClCompile Include="src\example\main.cpp">
      <Filter>src\example</Filter>
    </ClCompile>
    <ClCompile Include="src\example\plasmastate.cpp">
      <Filter>src\example</Filter>
    </ClCompile>
    <ClCompile Include="src\example\pongmain.cpp">
      <Filter>src\example</Filter>
    </ClCompile>
    <ClCompile Include="src\example\shooterstate.cpp">
      <Filter>src\example</Filter>
    </ClCompile>
    <ClCompile Include="src\example\sortstate.cpp">
      <Filter>src\example</Filter>
    </ClCompile>
    <ClCompile Include="src\gamebase.cpp">
      <Filter>src</Filter>
    </ClCompile>
  </ItemGroup>
  <ItemGroup>
    <ClInclude Include="src\global.h">
      <Filter>src</Filter>
    </ClInclude>
    <ClInclude Include="src\gamebase.h">
      <Filter>src</Filter>
    </ClInclude>
    <ClInclude Include="src\example\examplegame.h">
      <Filter>src\example</Filter>
    </ClInclude>
    <ClInclude Include="src\recthelper.h">
      <Filter>src</Filter>
    </ClInclude>
  </ItemGroup>
  <ItemGroup>
    <None Include="packages.config" />
    <None Include="asset\music\severance.ogg">
      <Filter>asset\music</Filter>
    </None>
    <None Include="README.md" />
    <None Include="LICENSE" />
    <None Include="classdiagram.drawio" />
  </ItemGroup>
  <ItemGroup>
    <Image Include="asset\graphic\background.png">
      <Filter>asset\graphic</Filter>
    </Image>
    <Image Include="asset\graphic\ball.png">
      <Filter>asset\graphic</Filter>
    </Image>
    <Image Include="asset\graphic\bg-layer-1.png">
      <Filter>asset\graphic</Filter>
    </Image>
    <Image Include="asset\graphic\bg-layer-2.png">
      <Filter>asset\graphic</Filter>
    </Image>
    <Image Include="asset\graphic\bg-layer-3.png">
      <Filter>asset\graphic</Filter>
    </Image>
    <Image Include="asset\graphic\bg-layer-4.png">
      <Filter>asset\graphic</Filter>
    </Image>
    <Image Include="asset\graphic\fire.png">
      <Filter>asset\graphic</Filter>
    </Image>
    <Image Include="asset\graphic\poison.png">
      <Filter>asset\graphic</Filter>
    </Image>
    <Image Include="classdiagram.png" />
  </ItemGroup>
  <ItemGroup>
    <Font Include="asset\font\MonkeyIsland-1991-refined.ttf">
      <Filter>asset\font</Filter>
    </Font>
    <Font Include="asset\font\RobotoSlab-Bold.ttf">
      <Filter>asset\font</Filter>
    </Font>
  </ItemGroup>
</Project>